
Microsoft Visual Studio Solution File, Format Version 12.00
# Visual Studio 15
VisualStudioVersion = 15.0.26730.15
MinimumVisualStudioVersion = 10.0.40219.1
Project("{FAE04EC0-301F-11D3-BF4B-00C04F79EFBC}") = "lab3_task2", "lab3_task2\lab3_task2.csproj", "{CF587579-64C7-4846-9D14-77191CC63967}"
EndProject
Global
	GlobalSection(SolutionConfigurationPlatforms) = preSolution
		Debug|Any CPU = Debug|Any CPU
		Release|Any CPU = Release|Any CPU
	EndGlobalSection
	GlobalSection(ProjectConfigurationPlatforms) = postSolution
		{CF587579-64C7-4846-9D14-77191CC63967}.Debug|Any CPU.ActiveCfg = Debug|Any CPU
		{CF587579-64C7-4846-9D14-77191CC63967}.Debug|Any CPU.Build.0 = Debug|Any CPU
		{CF587579-64C7-4846-9D14-77191CC63967}.Release|Any CPU.ActiveCfg = Release|Any CPU
		{CF587579-64C7-4846-9D14-77191CC63967}.Release|Any CPU.Build.0 = Release|Any CPU
	EndGlobalSection
	GlobalSection(SolutionProperties) = preSolution
		HideSolutionNode = FALSE
	EndGlobalSection
	GlobalSection(ExtensibilityGlobals) = postSolution
		SolutionGuid = {2DC24C81-9658-4777-92CA-F42360CF56B9}
	EndGlobalSection
EndGlobal
